
Microsoft Visual Studio Solution File, Format Version 12.00
# Visual Studio Version 16
VisualStudioVersion = 16.0.30413.136
MinimumVisualStudioVersion = 10.0.40219.1
Project("{00D1A9C2-B5F0-4AF3-8072-F6C62B433612}") = "Sale", "SalesDB\Sale.sqlproj", "{CF81465D-A9A2-41F8-B924-0A1BF1A60B88}"
EndProject
Project("{9A19103F-16F7-4668-BE54-9A1E7A4F7556}") = "SaleAPI", "ProductAPI\SaleAPI.csproj", "{F7C45647-B090-446D-B8FA-E96E4509C5EF}"
EndProject
Global
	GlobalSection(SolutionConfigurationPlatforms) = preSolution
		Debug|Any CPU = Debug|Any CPU
		Release|Any CPU = Release|Any CPU
	EndGlobalSection
	GlobalSection(ProjectConfigurationPlatforms) = postSolution
		{CF81465D-A9A2-41F8-B924-0A1BF1A60B88}.Debug|Any CPU.ActiveCfg = Debug|Any CPU
		{CF81465D-A9A2-41F8-B924-0A1BF1A60B88}.Debug|Any CPU.Build.0 = Debug|Any CPU
		{CF81465D-A9A2-41F8-B924-0A1BF1A60B88}.Debug|Any CPU.Deploy.0 = Debug|Any CPU
		{CF81465D-A9A2-41F8-B924-0A1BF1A60B88}.Release|Any CPU.ActiveCfg = Release|Any CPU
		{CF81465D-A9A2-41F8-B924-0A1BF1A60B88}.Release|Any CPU.Build.0 = Release|Any CPU
		{CF81465D-A9A2-41F8-B924-0A1BF1A60B88}.Release|Any CPU.Deploy.0 = Release|Any CPU
		{F7C45647-B090-446D-B8FA-E96E4509C5EF}.Debug|Any CPU.ActiveCfg = Debug|Any CPU
		{F7C45647-B090-446D-B8FA-E96E4509C5EF}.Debug|Any CPU.Build.0 = Debug|Any CPU
		{F7C45647-B090-446D-B8FA-E96E4509C5EF}.Release|Any CPU.ActiveCfg = Release|Any CPU
		{F7C45647-B090-446D-B8FA-E96E4509C5EF}.Release|Any CPU.Build.0 = Release|Any CPU
	EndGlobalSection
	GlobalSection(SolutionProperties) = preSolution
		HideSolutionNode = FALSE
	EndGlobalSection
	GlobalSection(ExtensibilityGlobals) = postSolution
		SolutionGuid = {C259F082-954C-4C3F-BA63-70306BAB964C}
	EndGlobalSection
EndGlobal
